
Microsoft Visual Studio Solution File, Format Version 12.00
# Visual Studio Version 16
VisualStudioVersion = 16.0.29020.237
MinimumVisualStudioVersion = 10.0.40219.1
Project("{8BC9CEB8-8B4A-11D0-8D11-00A0C91BC942}") = "treeview", "treeview.vcxproj", "{D24E63F6-58AC-4C9F-B4DA-11E02A5DD586}"
EndProject
Project("{8BC9CEB8-8B4A-11D0-8D11-00A0C91BC942}") = "lang_treeview", "lang_treeview.vcxproj", "{FE0C2BF2-A7E2-4B1E-ACA5-A7FECE27053E}"
EndProject
Project("{FAE04EC0-301F-11D3-BF4B-00C04F79EFBC}") = "TreeView.Managed", "..\managed\TreeView.Managed.csproj", "{A769BC7D-62CC-4792-A06F-9DE8C6909AE5}"
EndProject
Project("{2150E333-8FDC-42A3-9474-1A3956D46DE8}") = "Solution Items", "Solution Items", "{1BDAFFE2-B264-44E9-A670-B7EC029A726F}"
	ProjectSection(SolutionItems) = preProject
		..\..\..\.editorconfig = ..\..\..\.editorconfig
	EndProjectSection
EndProject
Global
	GlobalSection(SolutionConfigurationPlatforms) = preSolution
		Debug|x64 = Debug|x64
		Debug|x86 = Debug|x86
		Release|x64 = Release|x64
		Release|x86 = Release|x86
		SDK|x64 = SDK|x64
		SDK|x86 = SDK|x86
	EndGlobalSection
	GlobalSection(ProjectConfigurationPlatforms) = postSolution
		{D24E63F6-58AC-4C9F-B4DA-11E02A5DD586}.Debug|x64.ActiveCfg = Debug|x64
		{D24E63F6-58AC-4C9F-B4DA-11E02A5DD586}.Debug|x64.Build.0 = Debug|x64
		{D24E63F6-58AC-4C9F-B4DA-11E02A5DD586}.Debug|x86.ActiveCfg = Debug|Win32
		{D24E63F6-58AC-4C9F-B4DA-11E02A5DD586}.Debug|x86.Build.0 = Debug|Win32
		{D24E63F6-58AC-4C9F-B4DA-11E02A5DD586}.Release|x64.ActiveCfg = Release|x64
		{D24E63F6-58AC-4C9F-B4DA-11E02A5DD586}.Release|x64.Build.0 = Release|x64
		{D24E63F6-58AC-4C9F-B4DA-11E02A5DD586}.Release|x86.ActiveCfg = Release|Win32
		{D24E63F6-58AC-4C9F-B4DA-11E02A5DD586}.Release|x86.Build.0 = Release|Win32
		{D24E63F6-58AC-4C9F-B4DA-11E02A5DD586}.SDK|x64.ActiveCfg = SDK|x64
		{D24E63F6-58AC-4C9F-B4DA-11E02A5DD586}.SDK|x64.Build.0 = SDK|x64
		{D24E63F6-58AC-4C9F-B4DA-11E02A5DD586}.SDK|x86.ActiveCfg = SDK|Win32
		{D24E63F6-58AC-4C9F-B4DA-11E02A5DD586}.SDK|x86.Build.0 = SDK|Win32
		{FE0C2BF2-A7E2-4B1E-ACA5-A7FECE27053E}.Debug|x64.ActiveCfg = Debug|x64
		{FE0C2BF2-A7E2-4B1E-ACA5-A7FECE27053E}.Debug|x64.Build.0 = Debug|x64
		{FE0C2BF2-A7E2-4B1E-ACA5-A7FECE27053E}.Debug|x86.ActiveCfg = Debug|Win32
		{FE0C2BF2-A7E2-4B1E-ACA5-A7FECE27053E}.Debug|x86.Build.0 = Debug|Win32
		{FE0C2BF2-A7E2-4B1E-ACA5-A7FECE27053E}.Release|x64.ActiveCfg = Release|x64
		{FE0C2BF2-A7E2-4B1E-ACA5-A7FECE27053E}.Release|x64.Build.0 = Release|x64
		{FE0C2BF2-A7E2-4B1E-ACA5-A7FECE27053E}.Release|x86.ActiveCfg = Release|Win32
		{FE0C2BF2-A7E2-4B1E-ACA5-A7FECE27053E}.Release|x86.Build.0 = Release|Win32
		{FE0C2BF2-A7E2-4B1E-ACA5-A7FECE27053E}.SDK|x64.ActiveCfg = SDK|x64
		{FE0C2BF2-A7E2-4B1E-ACA5-A7FECE27053E}.SDK|x64.Build.0 = SDK|x64
		{FE0C2BF2-A7E2-4B1E-ACA5-A7FECE27053E}.SDK|x86.ActiveCfg = SDK|Win32
		{FE0C2BF2-A7E2-4B1E-ACA5-A7FECE27053E}.SDK|x86.Build.0 = SDK|Win32
		{E9F70914-3011-4D4F-9E79-3A9540A5E0F3}.Debug|x64.ActiveCfg = Debug|Any CPU
		{E9F70914-3011-4D4F-9E79-3A9540A5E0F3}.Debug|x64.Build.0 = Debug|Any CPU
		{E9F70914-3011-4D4F-9E79-3A9540A5E0F3}.Debug|x86.ActiveCfg = Debug|Any CPU
		{E9F70914-3011-4D4F-9E79-3A9540A5E0F3}.Debug|x86.Build.0 = Debug|Any CPU
		{E9F70914-3011-4D4F-9E79-3A9540A5E0F3}.Release|x64.ActiveCfg = Release|Any CPU
		{E9F70914-3011-4D4F-9E79-3A9540A5E0F3}.Release|x64.Build.0 = Release|Any CPU
		{E9F70914-3011-4D4F-9E79-3A9540A5E0F3}.Release|x86.ActiveCfg = Release|Any CPU
		{E9F70914-3011-4D4F-9E79-3A9540A5E0F3}.Release|x86.Build.0 = Release|Any CPU
		{E9F70914-3011-4D4F-9E79-3A9540A5E0F3}.SDK|x64.ActiveCfg = Release|Any CPU
		{E9F70914-3011-4D4F-9E79-3A9540A5E0F3}.SDK|x64.Build.0 = Release|Any CPU
		{E9F70914-3011-4D4F-9E79-3A9540A5E0F3}.SDK|x86.ActiveCfg = Release|Any CPU
		{E9F70914-3011-4D4F-9E79-3A9540A5E0F3}.SDK|x86.Build.0 = Release|Any CPU
	EndGlobalSection
	GlobalSection(SolutionProperties) = preSolution
		HideSolutionNode = FALSE
	EndGlobalSection
	GlobalSection(ExtensibilityGlobals) = postSolution
		SolutionGuid = {375C9D55-0C0E-42AE-8696-21DE91B07CCF}
	EndGlobalSection
EndGlobal
