
Microsoft Visual Studio Solution File, Format Version 12.00
# Visual Studio Version 18
VisualStudioVersion = 18.9.12112.369
MinimumVisualStudioVersion = 10.0.40219.1
Project("{8BC9CEB8-8B4A-11D0-8D11-00A0C91BC942}") = "salamatrix", "salamatrix.vcxproj", "{73B6E7C6-05D3-4762-AF2B-1E4D5D18ED28}"
EndProject
Project("{2150E333-8FDC-42A3-9474-1A3956D46DE8}") = "Solution Items", "Solution Items", "{7B5FA981-394E-4F01-9B3F-A0782EBD92BB}"
	ProjectSection(SolutionItems) = preProject
		..\..\..\.editorconfig = ..\..\..\.editorconfig
	EndProjectSection
EndProject
Global
	GlobalSection(SolutionConfigurationPlatforms) = preSolution
		Debug|x64 = Debug|x64
		Debug|x86 = Debug|x86
		Release|x64 = Release|x64
		Release|x86 = Release|x86
	EndGlobalSection
	GlobalSection(ProjectConfigurationPlatforms) = postSolution
		{73B6E7C6-05D3-4762-AF2B-1E4D5D18ED28}.Debug|x64.ActiveCfg = Debug|x64
		{73B6E7C6-05D3-4762-AF2B-1E4D5D18ED28}.Debug|x64.Build.0 = Debug|x64
		{73B6E7C6-05D3-4762-AF2B-1E4D5D18ED28}.Debug|x86.ActiveCfg = Debug|Win32
		{73B6E7C6-05D3-4762-AF2B-1E4D5D18ED28}.Debug|x86.Build.0 = Debug|Win32
		{73B6E7C6-05D3-4762-AF2B-1E4D5D18ED28}.Release|x64.ActiveCfg = Release|x64
		{73B6E7C6-05D3-4762-AF2B-1E4D5D18ED28}.Release|x64.Build.0 = Release|x64
		{73B6E7C6-05D3-4762-AF2B-1E4D5D18ED28}.Release|x86.ActiveCfg = Release|Win32
		{73B6E7C6-05D3-4762-AF2B-1E4D5D18ED28}.Release|x86.Build.0 = Release|Win32
	EndGlobalSection
	GlobalSection(SolutionProperties) = preSolution
		HideSolutionNode = FALSE
	EndGlobalSection
	GlobalSection(ExtensibilityGlobals) = postSolution
		SolutionGuid = {4C10FE69-9E62-4F9F-BC30-900369D8BC63}
	EndGlobalSection
EndGlobal
